// !$*UTF8*$!
{
	archiveVersion = 1;
	classes = {
	};
	objectVersion = 56;
	objects = {

/* Begin PBXBuildFile section */
		7910F3382949E9A3008E75C3 /* AppDelegate.swift in Sources */ = {isa = PBXBuildFile; fileRef = 7910F3372949E9A3008E75C3 /* AppDelegate.swift */; };
		7910F33A2949E9A3008E75C3 /* SceneDelegate.swift in Sources */ = {isa = PBXBuildFile; fileRef = 7910F3392949E9A3008E75C3 /* SceneDelegate.swift */; };
		7910F3412949E9A5008E75C3 /* Assets.xcassets in Resources */ = {isa = PBXBuildFile; fileRef = 7910F3402949E9A5008E75C3 /* Assets.xcassets */; };
		7910F3442949E9A5008E75C3 /* LaunchScreen.storyboard in Resources */ = {isa = PBXBuildFile; fileRef = 7910F3422949E9A5008E75C3 /* LaunchScreen.storyboard */; };
		7910F34C2949EA28008E75C3 /* ToDoListVC.swift in Sources */ = {isa = PBXBuildFile; fileRef = 7910F34B2949EA28008E75C3 /* ToDoListVC.swift */; };
		7910F3502949EAE7008E75C3 /* ToDoList+ExtUI.swift in Sources */ = {isa = PBXBuildFile; fileRef = 7910F34F2949EAE7008E75C3 /* ToDoList+ExtUI.swift */; };
		7910F3522949EDC4008E75C3 /* ToDoCell.swift in Sources */ = {isa = PBXBuildFile; fileRef = 7910F3512949EDC4008E75C3 /* ToDoCell.swift */; };
		7910F3542949EDFA008E75C3 /* Constants.swift in Sources */ = {isa = PBXBuildFile; fileRef = 7910F3532949EDFA008E75C3 /* Constants.swift */; };
		7910F358294A2CB3008E75C3 /* ToDoCellModel.swift in Sources */ = {isa = PBXBuildFile; fileRef = 7910F357294A2CB3008E75C3 /* ToDoCellModel.swift */; };
		7910F35A294CC77F008E75C3 /* Coder.swift in Sources */ = {isa = PBXBuildFile; fileRef = 7910F359294CC77F008E75C3 /* Coder.swift */; };
		792BD7FB2950BF1000F0BF1E /* DataModel.xcdatamodeld in Sources */ = {isa = PBXBuildFile; fileRef = 792BD7F92950BF1000F0BF1E /* DataModel.xcdatamodeld */; };
		7998B56C2954A42C008E2966 /* CategoriesVC.swift in Sources */ = {isa = PBXBuildFile; fileRef = 7998B56B2954A42C008E2966 /* CategoriesVC.swift */; };
		7998B56E2954A4A3008E2966 /* CategoriesVC+ExtUI.swift in Sources */ = {isa = PBXBuildFile; fileRef = 7998B56D2954A4A3008E2966 /* CategoriesVC+ExtUI.swift */; };
		7998B5702954A71D008E2966 /* CollectionCell.swift in Sources */ = {isa = PBXBuildFile; fileRef = 7998B56F2954A71D008E2966 /* CollectionCell.swift */; };
/* End PBXBuildFile section */

/* Begin PBXFileReference section */
		7910F3342949E9A3008E75C3 /* ToDoApp.app */ = {isa = PBXFileReference; explicitFileType = wrapper.application; includeInIndex = 0; path = ToDoApp.app; sourceTree = BUILT_PRODUCTS_DIR; };
		7910F3372949E9A3008E75C3 /* AppDelegate.swift */ = {isa = PBXFileReference; lastKnownFileType = sourcecode.swift; path = AppDelegate.swift; sourceTree = "<group>"; };
		7910F3392949E9A3008E75C3 /* SceneDelegate.swift */ = {isa = PBXFileReference; lastKnownFileType = sourcecode.swift; path = SceneDelegate.swift; sourceTree = "<group>"; };
		7910F3402949E9A5008E75C3 /* Assets.xcassets */ = {isa = PBXFileReference; lastKnownFileType = folder.assetcatalog; path = Assets.xcassets; sourceTree = "<group>"; };
		7910F3432949E9A5008E75C3 /* Base */ = {isa = PBXFileReference; lastKnownFileType = file.storyboard; name = Base; path = Base.lproj/LaunchScreen.storyboard; sourceTree = "<group>"; };
		7910F3452949E9A5008E75C3 /* Info.plist */ = {isa = PBXFileReference; lastKnownFileType = text.plist.xml; path = Info.plist; sourceTree = "<group>"; };
		7910F34B2949EA28008E75C3 /* ToDoListVC.swift */ = {isa = PBXFileReference; lastKnownFileType = sourcecode.swift; path = ToDoListVC.swift; sourceTree = "<group>"; };
		7910F34F2949EAE7008E75C3 /* ToDoList+ExtUI.swift */ = {isa = PBXFileReference; lastKnownFileType = sourcecode.swift; path = "ToDoList+ExtUI.swift"; sourceTree = "<group>"; };
		7910F3512949EDC4008E75C3 /* ToDoCell.swift */ = {isa = PBXFileReference; lastKnownFileType = sourcecode.swift; path = ToDoCell.swift; sourceTree = "<group>"; };
		7910F3532949EDFA008E75C3 /* Constants.swift */ = {isa = PBXFileReference; lastKnownFileType = sourcecode.swift; path = Constants.swift; sourceTree = "<group>"; };
		7910F357294A2CB3008E75C3 /* ToDoCellModel.swift */ = {isa = PBXFileReference; lastKnownFileType = sourcecode.swift; path = ToDoCellModel.swift; sourceTree = "<group>"; };
		7910F359294CC77F008E75C3 /* Coder.swift */ = {isa = PBXFileReference; lastKnownFileType = sourcecode.swift; path = Coder.swift; sourceTree = "<group>"; };
		792BD7FA2950BF1000F0BF1E /* DataModel.xcdatamodel */ = {isa = PBXFileReference; lastKnownFileType = wrapper.xcdatamodel; path = DataModel.xcdatamodel; sourceTree = "<group>"; };
		7998B56B2954A42C008E2966 /* CategoriesVC.swift */ = {isa = PBXFileReference; lastKnownFileType = sourcecode.swift; path = CategoriesVC.swift; sourceTree = "<group>"; };
		7998B56D2954A4A3008E2966 /* CategoriesVC+ExtUI.swift */ = {isa = PBXFileReference; lastKnownFileType = sourcecode.swift; path = "CategoriesVC+ExtUI.swift"; sourceTree = "<group>"; };
		7998B56F2954A71D008E2966 /* CollectionCell.swift */ = {isa = PBXFileReference; lastKnownFileType = sourcecode.swift; path = CollectionCell.swift; sourceTree = "<group>"; };
/* End PBXFileReference section */

/* Begin PBXFrameworksBuildPhase section */
		7910F3312949E9A3008E75C3 /* Frameworks */ = {
			isa = PBXFrameworksBuildPhase;
			buildActionMask = 2147483647;
			files = (
			);
			runOnlyForDeploymentPostprocessing = 0;
		};
/* End PBXFrameworksBuildPhase section */

/* Begin PBXGroup section */
		7910F32B2949E9A3008E75C3 = {
			isa = PBXGroup;
			children = (
				7910F3362949E9A3008E75C3 /* ToDoApp */,
				7910F3352949E9A3008E75C3 /* Products */,
			);
			sourceTree = "<group>";
		};
		7910F3352949E9A3008E75C3 /* Products */ = {
			isa = PBXGroup;
			children = (
				7910F3342949E9A3008E75C3 /* ToDoApp.app */,
			);
			name = Products;
			sourceTree = "<group>";
		};
		7910F3362949E9A3008E75C3 /* ToDoApp */ = {
			isa = PBXGroup;
			children = (
				7910F3532949EDFA008E75C3 /* Constants.swift */,
				7910F3372949E9A3008E75C3 /* AppDelegate.swift */,
				7910F3392949E9A3008E75C3 /* SceneDelegate.swift */,
				7910F359294CC77F008E75C3 /* Coder.swift */,
				7910F34D2949EA95008E75C3 /* Controllers */,
				7910F355294A2C96008E75C3 /* Model */,
				7910F3402949E9A5008E75C3 /* Assets.xcassets */,
				7910F3422949E9A5008E75C3 /* LaunchScreen.storyboard */,
				7910F3452949E9A5008E75C3 /* Info.plist */,
			);
			path = ToDoApp;
			sourceTree = "<group>";
		};
		7910F34D2949EA95008E75C3 /* Controllers */ = {
			isa = PBXGroup;
			children = (
				7998B56B2954A42C008E2966 /* CategoriesVC.swift */,
				7910F34B2949EA28008E75C3 /* ToDoListVC.swift */,
				7910F34E2949EAAF008E75C3 /* UI+Ext */,
				7998B56F2954A71D008E2966 /* CollectionCell.swift */,
				7910F3512949EDC4008E75C3 /* ToDoCell.swift */,
			);
			path = Controllers;
			sourceTree = "<group>";
		};
		7910F34E2949EAAF008E75C3 /* UI+Ext */ = {
			isa = PBXGroup;
			children = (
				7998B56D2954A4A3008E2966 /* CategoriesVC+ExtUI.swift */,
				7910F34F2949EAE7008E75C3 /* ToDoList+ExtUI.swift */,
			);
			path = "UI+Ext";
			sourceTree = "<group>";
		};
		7910F355294A2C96008E75C3 /* Model */ = {
			isa = PBXGroup;
			children = (
				792BD7F92950BF1000F0BF1E /* DataModel.xcdatamodeld */,
				7910F357294A2CB3008E75C3 /* ToDoCellModel.swift */,
			);
			path = Model;
			sourceTree = "<group>";
		};
/* End PBXGroup section */

/* Begin PBXNativeTarget section */
		7910F3332949E9A3008E75C3 /* ToDoApp */ = {
			isa = PBXNativeTarget;
			buildConfigurationList = 7910F3482949E9A5008E75C3 /* Build configuration list for PBXNativeTarget "ToDoApp" */;
			buildPhases = (
				7910F3302949E9A3008E75C3 /* Sources */,
				7910F3312949E9A3008E75C3 /* Frameworks */,
				7910F3322949E9A3008E75C3 /* Resources */,
			);
			buildRules = (
			);
			dependencies = (
			);
			name = ToDoApp;
			productName = ToDoApp;
			productReference = 7910F3342949E9A3008E75C3 /* ToDoApp.app */;
			productType = "com.apple.product-type.application";
		};
/* End PBXNativeTarget section */

/* Begin PBXProject section */
		7910F32C2949E9A3008E75C3 /* Project object */ = {
			isa = PBXProject;
			attributes = {
				BuildIndependentTargetsInParallel = 1;
				LastSwiftUpdateCheck = 1410;
				LastUpgradeCheck = 1410;
				TargetAttributes = {
					7910F3332949E9A3008E75C3 = {
						CreatedOnToolsVersion = 14.1;
					};
				};
			};
			buildConfigurationList = 7910F32F2949E9A3008E75C3 /* Build configuration list for PBXProject "ToDoApp" */;
			compatibilityVersion = "Xcode 14.0";
			developmentRegion = en;
			hasScannedForEncodings = 0;
			knownRegions = (
				en,
				Base,
			);
			mainGroup = 7910F32B2949E9A3008E75C3;
			productRefGroup = 7910F3352949E9A3008E75C3 /* Products */;
			projectDirPath = "";
			projectRoot = "";
			targets = (
				7910F3332949E9A3008E75C3 /* ToDoApp */,
			);
		};
/* End PBXProject section */

/* Begin PBXResourcesBuildPhase section */
		7910F3322949E9A3008E75C3 /* Resources */ = {
			isa = PBXResourcesBuildPhase;
			buildActionMask = 2147483647;
			files = (
				7910F3442949E9A5008E75C3 /* LaunchScreen.storyboard in Resources */,
				7910F3412949E9A5008E75C3 /* Assets.xcassets in Resources */,
			);
			runOnlyForDeploymentPostprocessing = 0;
		};
/* End PBXResourcesBuildPhase section */

/* Begin PBXSourcesBuildPhase section */
		7910F3302949E9A3008E75C3 /* Sources */ = {
			isa = PBXSourcesBuildPhase;
			buildActionMask = 2147483647;
			files = (
				7910F35A294CC77F008E75C3 /* Coder.swift in Sources */,
				7910F34C2949EA28008E75C3 /* ToDoListVC.swift in Sources */,
				7910F3382949E9A3008E75C3 /* AppDelegate.swift in Sources */,
				7910F33A2949E9A3008E75C3 /* SceneDelegate.swift in Sources */,
				7998B56C2954A42C008E2966 /* CategoriesVC.swift in Sources */,
				7910F3502949EAE7008E75C3 /* ToDoList+ExtUI.swift in Sources */,
				7910F358294A2CB3008E75C3 /* ToDoCellModel.swift in Sources */,
				7998B56E2954A4A3008E2966 /* CategoriesVC+ExtUI.swift in Sources */,
				792BD7FB2950BF1000F0BF1E /* DataModel.xcdatamodeld in Sources */,
				7910F3522949EDC4008E75C3 /* ToDoCell.swift in Sources */,
				7910F3542949EDFA008E75C3 /* Constants.swift in Sources */,
				7998B5702954A71D008E2966 /* CollectionCell.swift in Sources */,
			);
			runOnlyForDeploymentPostprocessing = 0;
		};
/* End PBXSourcesBuildPhase section */

/* Begin PBXVariantGroup section */
		7910F3422949E9A5008E75C3 /* LaunchScreen.storyboard */ = {
			isa = PBXVariantGroup;
			children = (
				7910F3432949E9A5008E75C3 /* Base */,
			);
			name = LaunchScreen.storyboard;
			sourceTree = "<group>";
		};
/* End PBXVariantGroup section */

/* Begin XCBuildConfiguration section */
		7910F3462949E9A5008E75C3 /* Debug */ = {
			isa = XCBuildConfiguration;
			buildSettings = {
				ALWAYS_SEARCH_USER_PATHS = NO;
				CLANG_ANALYZER_NONNULL = YES;
				CLANG_ANALYZER_NUMBER_OBJECT_CONVERSION = YES_AGGRESSIVE;
				CLANG_CXX_LANGUAGE_STANDARD = "gnu++20";
				CLANG_ENABLE_MODULES = YES;
				CLANG_ENABLE_OBJC_ARC = YES;
				CLANG_ENABLE_OBJC_WEAK = YES;
				CLANG_WARN_BLOCK_CAPTURE_AUTORELEASING = YES;
				CLANG_WARN_BOOL_CONVERSION = YES;
				CLANG_WARN_COMMA = YES;
				CLANG_WARN_CONSTANT_CONVERSION = YES;
				CLANG_WARN_DEPRECATED_OBJC_IMPLEMENTATIONS = YES;
				CLANG_WARN_DIRECT_OBJC_ISA_USAGE = YES_ERROR;
				CLANG_WARN_DOCUMENTATION_COMMENTS = YES;
				CLANG_WARN_EMPTY_BODY = YES;
				CLANG_WARN_ENUM_CONVERSION = YES;
				CLANG_WARN_INFINITE_RECURSION = YES;
				CLANG_WARN_INT_CONVERSION = YES;
				CLANG_WARN_NON_LITERAL_NULL_CONVERSION = YES;
				CLANG_WARN_OBJC_IMPLICIT_RETAIN_SELF = YES;
				CLANG_WARN_OBJC_LITERAL_CONVERSION = YES;
				CLANG_WARN_OBJC_ROOT_CLASS = YES_ERROR;
				CLANG_WARN_QUOTED_INCLUDE_IN_FRAMEWORK_HEADER = YES;
				CLANG_WARN_RANGE_LOOP_ANALYSIS = YES;
				CLANG_WARN_STRICT_PROTOTYPES = YES;
				CLANG_WARN_SUSPICIOUS_MOVE = YES;
				CLANG_WARN_UNGUARDED_AVAILABILITY = YES_AGGRESSIVE;
				CLANG_WARN_UNREACHABLE_CODE = YES;
				CLANG_WARN__DUPLICATE_METHOD_MATCH = YES;
				COPY_PHASE_STRIP = NO;
				DEBUG_INFORMATION_FORMAT = dwarf;
				ENABLE_STRICT_OBJC_MSGSEND = YES;
				ENABLE_TESTABILITY = YES;
				GCC_C_LANGUAGE_STANDARD = gnu11;
				GCC_DYNAMIC_NO_PIC = NO;
				GCC_NO_COMMON_BLOCKS = YES;
				GCC_OPTIMIZATION_LEVEL = 0;
				GCC_PREPROCESSOR_DEFINITIONS = (
					"DEBUG=1",
					"$(inherited)",
				);
				GCC_WARN_64_TO_32_BIT_CONVERSION = YES;
				GCC_WARN_ABOUT_RETURN_TYPE = YES_ERROR;
				GCC_WARN_UNDECLARED_SELECTOR = YES;
				GCC_WARN_UNINITIALIZED_AUTOS = YES_AGGRESSIVE;
				GCC_WARN_UNUSED_FUNCTION = YES;
				GCC_WARN_UNUSED_VARIABLE = YES;
				IPHONEOS_DEPLOYMENT_TARGET = 16.1;
				MTL_ENABLE_DEBUG_INFO = INCLUDE_SOURCE;
				MTL_FAST_MATH = YES;
				ONLY_ACTIVE_ARCH = YES;
				SDKROOT = iphoneos;
				SWIFT_ACTIVE_COMPILATION_CONDITIONS = DEBUG;
				SWIFT_OPTIMIZATION_LEVEL = "-Onone";
			};
			name = Debug;
		};
		7910F3472949E9A5008E75C3 /* Release */ = {
			isa = XCBuildConfiguration;
			buildSettings = {
				ALWAYS_SEARCH_USER_PATHS = NO;
				CLANG_ANALYZER_NONNULL = YES;
				CLANG_ANALYZER_NUMBER_OBJECT_CONVERSION = YES_AGGRESSIVE;
				CLANG_CXX_LANGUAGE_STANDARD = "gnu++20";
				CLANG_ENABLE_MODULES = YES;
				CLANG_ENABLE_OBJC_ARC = YES;
				CLANG_ENABLE_OBJC_WEAK = YES;
				CLANG_WARN_BLOCK_CAPTURE_AUTORELEASING = YES;
				CLANG_WARN_BOOL_CONVERSION = YES;
				CLANG_WARN_COMMA = YES;
				CLANG_WARN_CONSTANT_CONVERSION = YES;
				CLANG_WARN_DEPRECATED_OBJC_IMPLEMENTATIONS = YES;
				CLANG_WARN_DIRECT_OBJC_ISA_USAGE = YES_ERROR;
				CLANG_WARN_DOCUMENTATION_COMMENTS = YES;
				CLANG_WARN_EMPTY_BODY = YES;
				CLANG_WARN_ENUM_CONVERSION = YES;
				CLANG_WARN_INFINITE_RECURSION = YES;
				CLANG_WARN_INT_CONVERSION = YES;
				CLANG_WARN_NON_LITERAL_NULL_CONVERSION = YES;
				CLANG_WARN_OBJC_IMPLICIT_RETAIN_SELF = YES;
				CLANG_WARN_OBJC_LITERAL_CONVERSION = YES;
				CLANG_WARN_OBJC_ROOT_CLASS = YES_ERROR;
				CLANG_WARN_QUOTED_INCLUDE_IN_FRAMEWORK_HEADER = YES;
				CLANG_WARN_RANGE_LOOP_ANALYSIS = YES;
				CLANG_WARN_STRICT_PROTOTYPES = YES;
				CLANG_WARN_SUSPICIOUS_MOVE = YES;
				CLANG_WARN_UNGUARDED_AVAILABILITY = YES_AGGRESSIVE;
				CLANG_WARN_UNREACHABLE_CODE = YES;
				CLANG_WARN__DUPLICATE_METHOD_MATCH = YES;
				COPY_PHASE_STRIP = NO;
				DEBUG_INFORMATION_FORMAT = "dwarf-with-dsym";
				ENABLE_NS_ASSERTIONS = NO;
				ENABLE_STRICT_OBJC_MSGSEND = YES;
				GCC_C_LANGUAGE_STANDARD = gnu11;
				GCC_NO_COMMON_BLOCKS = YES;
				GCC_WARN_64_TO_32_BIT_CONVERSION = YES;
				GCC_WARN_ABOUT_RETURN_TYPE = YES_ERROR;
				GCC_WARN_UNDECLARED_SELECTOR = YES;
				GCC_WARN_UNINITIALIZED_AUTOS = YES_AGGRESSIVE;
				GCC_WARN_UNUSED_FUNCTION = YES;
				GCC_WARN_UNUSED_VARIABLE = YES;
				IPHONEOS_DEPLOYMENT_TARGET = 16.1;
				MTL_ENABLE_DEBUG_INFO = NO;
				MTL_FAST_MATH = YES;
				SDKROOT = iphoneos;
				SWIFT_COMPILATION_MODE = wholemodule;
				SWIFT_OPTIMIZATION_LEVEL = "-O";
				VALIDATE_PRODUCT = YES;
			};
			name = Release;
		};
		7910F3492949E9A5008E75C3 /* Debug */ = {
			isa = XCBuildConfiguration;
			buildSettings = {
				ASSETCATALOG_COMPILER_APPICON_NAME = AppIcon;
				ASSETCATALOG_COMPILER_GLOBAL_ACCENT_COLOR_NAME = AccentColor;
				CODE_SIGN_STYLE = Automatic;
				CURRENT_PROJECT_VERSION = 1;
				DEVELOPMENT_TEAM = 24928479RW;
				GENERATE_INFOPLIST_FILE = YES;
				INFOPLIST_FILE = ToDoApp/Info.plist;
				INFOPLIST_KEY_UIApplicationSupportsIndirectInputEvents = YES;
				INFOPLIST_KEY_UILaunchStoryboardName = LaunchScreen;
				INFOPLIST_KEY_UIMainStoryboardFile = "";
				INFOPLIST_KEY_UISupportedInterfaceOrientations = UIInterfaceOrientationPortrait;
				LD_RUNPATH_SEARCH_PATHS = (
					"$(inherited)",
					"@executable_path/Frameworks",
				);
				MARKETING_VERSION = 1.0;
				PRODUCT_BUNDLE_IDENTIFIER = com.nick.dustikdev.ToDoApp;
				PRODUCT_NAME = "$(TARGET_NAME)";
				SWIFT_EMIT_LOC_STRINGS = YES;
				SWIFT_VERSION = 5.0;
				TARGETED_DEVICE_FAMILY = "1,2";
			};
			name = Debug;
		};
		7910F34A2949E9A5008E75C3 /* Release */ = {
			isa = XCBuildConfiguration;
			buildSettings = {
				ASSETCATALOG_COMPILER_APPICON_NAME = AppIcon;
				ASSETCATALOG_COMPILER_GLOBAL_ACCENT_COLOR_NAME = AccentColor;
				CODE_SIGN_STYLE = Automatic;
				CURRENT_PROJECT_VERSION = 1;
				DEVELOPMENT_TEAM = 24928479RW;
				GENERATE_INFOPLIST_FILE = YES;
				INFOPLIST_FILE = ToDoApp/Info.plist;
				INFOPLIST_KEY_UIApplicationSupportsIndirectInputEvents = YES;
				INFOPLIST_KEY_UILaunchStoryboardName = LaunchScreen;
				INFOPLIST_KEY_UIMainStoryboardFile = "";
				INFOPLIST_KEY_UISupportedInterfaceOrientations = UIInterfaceOrientationPortrait;
				LD_RUNPATH_SEARCH_PATHS = (
					"$(inherited)",
					"@executable_path/Frameworks",
				);
				MARKETING_VERSION = 1.0;
				PRODUCT_BUNDLE_IDENTIFIER = com.nick.dustikdev.ToDoApp;
				PRODUCT_NAME = "$(TARGET_NAME)";
				SWIFT_EMIT_LOC_STRINGS = YES;
				SWIFT_VERSION = 5.0;
				TARGETED_DEVICE_FAMILY = "1,2";
			};
			name = Release;
		};
/* End XCBuildConfiguration section */

/* Begin XCConfigurationList section */
		7910F32F2949E9A3008E75C3 /* Build configuration list for PBXProject "ToDoApp" */ = {
			isa = XCConfigurationList;
			buildConfigurations = (
				7910F3462949E9A5008E75C3 /* Debug */,
				7910F3472949E9A5008E75C3 /* Release */,
			);
			defaultConfigurationIsVisible = 0;
			defaultConfigurationName = Release;
		};
		7910F3482949E9A5008E75C3 /* Build configuration list for PBXNativeTarget "ToDoApp" */ = {
			isa = XCConfigurationList;
			buildConfigurations = (
				7910F3492949E9A5008E75C3 /* Debug */,
				7910F34A2949E9A5008E75C3 /* Release */,
			);
			defaultConfigurationIsVisible = 0;
			defaultConfigurationName = Release;
		};
/* End XCConfigurationList section */

/* Begin XCVersionGroup section */
		792BD7F92950BF1000F0BF1E /* DataModel.xcdatamodeld */ = {
			isa = XCVersionGroup;
			children = (
				792BD7FA2950BF1000F0BF1E /* DataModel.xcdatamodel */,
			);
			currentVersion = 792BD7FA2950BF1000F0BF1E /* DataModel.xcdatamodel */;
			path = DataModel.xcdatamodeld;
			sourceTree = "<group>";
			versionGroupType = wrapper.xcdatamodel;
		};
/* End XCVersionGroup section */
	};
	rootObject = 7910F32C2949E9A3008E75C3 /* Project object */;
}
